
Microsoft Visual Studio Solution File, Format Version 12.00
# Visual Studio 14
VisualStudioVersion = 14.0.23107.0
MinimumVisualStudioVersion = 10.0.40219.1
Project("{FAE04EC0-301F-11D3-BF4B-00C04F79EFBC}") = "ApiFun", "ApiFun\ApiFun.csproj", "{5FE8A917-8F76-48F3-A3A6-8235F97FF0C7}"
EndProject
Project("{FAE04EC0-301F-11D3-BF4B-00C04F79EFBC}") = "Roslyn.Jenkins", "Roslyn.Jenkins\Roslyn.Jenkins.csproj", "{93ED4B41-CBC6-4423-BDDC-612C9BB607BA}"
EndProject
Project("{FAE04EC0-301F-11D3-BF4B-00C04F79EFBC}") = "PopulateSql", "PopulateSql\PopulateSql.csproj", "{9E177504-7E80-4DCD-816C-070DBEEAD554}"
EndProject
Project("{FAE04EC0-301F-11D3-BF4B-00C04F79EFBC}") = "Roslyn.Jenkins.Tests", "Roslyn.Jenkins.Tests\Roslyn.Jenkins.Tests.csproj", "{37C8575D-8E4E-45EB-861B-3720E883A663}"
EndProject
Project("{FAE04EC0-301F-11D3-BF4B-00C04F79EFBC}") = "Dashboard", "Dashboard\Dashboard.csproj", "{33DB7715-7742-44BE-AE4B-34CE54A40AF5}"
EndProject
Project("{2150E333-8FDC-42A3-9474-1A3956D46DE8}") = "PublishScripts", "PublishScripts", "{B1B21F26-1EED-4E31-B013-362C1E6F145B}"
	ProjectSection(SolutionItems) = preProject
		PublishScripts\AzureVMPublishModule.psm1 = PublishScripts\AzureVMPublishModule.psm1
		PublishScripts\Publish-WebApplicationVM.ps1 = PublishScripts\Publish-WebApplicationVM.ps1
	EndProjectSection
EndProject
Project("{2150E333-8FDC-42A3-9474-1A3956D46DE8}") = "Configurations", "Configurations", "{91FDB776-D9F1-468D-9834-5AAD84E285D2}"
	ProjectSection(SolutionItems) = preProject
		PublishScripts\Configurations\Dashboard-WAWS-dev.json = PublishScripts\Configurations\Dashboard-WAWS-dev.json
	EndProjectSection
EndProject
Global
	GlobalSection(SolutionConfigurationPlatforms) = preSolution
		Debug|Any CPU = Debug|Any CPU
		Release|Any CPU = Release|Any CPU
	EndGlobalSection
	GlobalSection(ProjectConfigurationPlatforms) = postSolution
		{5FE8A917-8F76-48F3-A3A6-8235F97FF0C7}.Debug|Any CPU.ActiveCfg = Debug|Any CPU
		{5FE8A917-8F76-48F3-A3A6-8235F97FF0C7}.Debug|Any CPU.Build.0 = Debug|Any CPU
		{5FE8A917-8F76-48F3-A3A6-8235F97FF0C7}.Release|Any CPU.ActiveCfg = Release|Any CPU
		{5FE8A917-8F76-48F3-A3A6-8235F97FF0C7}.Release|Any CPU.Build.0 = Release|Any CPU
		{93ED4B41-CBC6-4423-BDDC-612C9BB607BA}.Debug|Any CPU.ActiveCfg = Debug|Any CPU
		{93ED4B41-CBC6-4423-BDDC-612C9BB607BA}.Debug|Any CPU.Build.0 = Debug|Any CPU
		{93ED4B41-CBC6-4423-BDDC-612C9BB607BA}.Release|Any CPU.ActiveCfg = Release|Any CPU
		{93ED4B41-CBC6-4423-BDDC-612C9BB607BA}.Release|Any CPU.Build.0 = Release|Any CPU
		{9E177504-7E80-4DCD-816C-070DBEEAD554}.Debug|Any CPU.ActiveCfg = Debug|Any CPU
		{9E177504-7E80-4DCD-816C-070DBEEAD554}.Debug|Any CPU.Build.0 = Debug|Any CPU
		{9E177504-7E80-4DCD-816C-070DBEEAD554}.Release|Any CPU.ActiveCfg = Release|Any CPU
		{9E177504-7E80-4DCD-816C-070DBEEAD554}.Release|Any CPU.Build.0 = Release|Any CPU
		{37C8575D-8E4E-45EB-861B-3720E883A663}.Debug|Any CPU.ActiveCfg = Debug|Any CPU
		{37C8575D-8E4E-45EB-861B-3720E883A663}.Debug|Any CPU.Build.0 = Debug|Any CPU
		{37C8575D-8E4E-45EB-861B-3720E883A663}.Release|Any CPU.ActiveCfg = Release|Any CPU
		{37C8575D-8E4E-45EB-861B-3720E883A663}.Release|Any CPU.Build.0 = Release|Any CPU
		{33DB7715-7742-44BE-AE4B-34CE54A40AF5}.Debug|Any CPU.ActiveCfg = Debug|Any CPU
		{33DB7715-7742-44BE-AE4B-34CE54A40AF5}.Debug|Any CPU.Build.0 = Debug|Any CPU
		{33DB7715-7742-44BE-AE4B-34CE54A40AF5}.Release|Any CPU.ActiveCfg = Release|Any CPU
		{33DB7715-7742-44BE-AE4B-34CE54A40AF5}.Release|Any CPU.Build.0 = Release|Any CPU
	EndGlobalSection
	GlobalSection(SolutionProperties) = preSolution
		HideSolutionNode = FALSE
	EndGlobalSection
	GlobalSection(NestedProjects) = preSolution
		{91FDB776-D9F1-468D-9834-5AAD84E285D2} = {B1B21F26-1EED-4E31-B013-362C1E6F145B}
	EndGlobalSection
EndGlobal
